// !$*UTF8*$!
{
	archiveVersion = 1;
	classes = {
	};
	objectVersion = 50;
	objects = {

/* Begin PBXBuildFile section */
		2490B33E225F86140050319A /* AppDelegate.swift in Sources */ = {isa = PBXBuildFile; fileRef = 2490B33D225F86140050319A /* AppDelegate.swift */; };
		2490B340225F86140050319A /* MainVC.swift in Sources */ = {isa = PBXBuildFile; fileRef = 2490B33F225F86140050319A /* MainVC.swift */; };
		2490B353225F86D70050319A /* ScaledHeightImageView.swift in Sources */ = {isa = PBXBuildFile; fileRef = 2490B352225F86D70050319A /* ScaledHeightImageView.swift */; };
		2490B35B225F86DD0050319A /* AutoLayoutAnchorExtension.swift in Sources */ = {isa = PBXBuildFile; fileRef = 2490B355225F86DD0050319A /* AutoLayoutAnchorExtension.swift */; };
		2490B35C225F86DD0050319A /* PopUppAnimationButtonExt.swift in Sources */ = {isa = PBXBuildFile; fileRef = 2490B356225F86DD0050319A /* PopUppAnimationButtonExt.swift */; };
		2490B35D225F86DD0050319A /* MainVCDelegates.swift in Sources */ = {isa = PBXBuildFile; fileRef = 2490B357225F86DD0050319A /* MainVCDelegates.swift */; };
		2490B35E225F86DD0050319A /* Classification.swift in Sources */ = {isa = PBXBuildFile; fileRef = 2490B358225F86DD0050319A /* Classification.swift */; };
		2490B35F225F86DD0050319A /* ActivityIndicatorExtension.swift in Sources */ = {isa = PBXBuildFile; fileRef = 2490B359225F86DD0050319A /* ActivityIndicatorExtension.swift */; };
		2490B360225F86DD0050319A /* UIImageOrientation+CGImagePropertyOrientation.swift in Sources */ = {isa = PBXBuildFile; fileRef = 2490B35A225F86DD0050319A /* UIImageOrientation+CGImagePropertyOrientation.swift */; };
		2490B364225F86E00050319A /* AnimalClassifier.mlmodel in Sources */ = {isa = PBXBuildFile; fileRef = 2490B362225F86E00050319A /* AnimalClassifier.mlmodel */; };
		2490B365225F86E00050319A /* Assets.xcassets in Resources */ = {isa = PBXBuildFile; fileRef = 2490B363225F86E00050319A /* Assets.xcassets */; };
		2490B369225F87A70050319A /* LaunchScreen.storyboard in Resources */ = {isa = PBXBuildFile; fileRef = 2490B367225F87A70050319A /* LaunchScreen.storyboard */; };
/* End PBXBuildFile section */

/* Begin PBXFileReference section */
		2490B33A225F86140050319A /* CoreMLAndVisionObjectClassifierLightweightVersion.app */ = {isa = PBXFileReference; explicitFileType = wrapper.application; includeInIndex = 0; path = CoreMLAndVisionObjectClassifierLightweightVersion.app; sourceTree = BUILT_PRODUCTS_DIR; };
		2490B33D225F86140050319A /* AppDelegate.swift */ = {isa = PBXFileReference; lastKnownFileType = sourcecode.swift; path = AppDelegate.swift; sourceTree = "<group>"; };
		2490B33F225F86140050319A /* MainVC.swift */ = {isa = PBXFileReference; lastKnownFileType = sourcecode.swift; path = MainVC.swift; sourceTree = "<group>"; };
		2490B349225F86150050319A /* Info.plist */ = {isa = PBXFileReference; lastKnownFileType = text.plist.xml; path = Info.plist; sourceTree = "<group>"; };
		2490B352225F86D70050319A /* ScaledHeightImageView.swift */ = {isa = PBXFileReference; fileEncoding = 4; lastKnownFileType = sourcecode.swift; path = ScaledHeightImageView.swift; sourceTree = "<group>"; };
		2490B355225F86DD0050319A /* AutoLayoutAnchorExtension.swift */ = {isa = PBXFileReference; fileEncoding = 4; lastKnownFileType = sourcecode.swift; path = AutoLayoutAnchorExtension.swift; sourceTree = "<group>"; };
		2490B356225F86DD0050319A /* PopUppAnimationButtonExt.swift */ = {isa = PBXFileReference; fileEncoding = 4; lastKnownFileType = sourcecode.swift; path = PopUppAnimationButtonExt.swift; sourceTree = "<group>"; };
		2490B357225F86DD0050319A /* MainVCDelegates.swift */ = {isa = PBXFileReference; fileEncoding = 4; lastKnownFileType = sourcecode.swift; path = MainVCDelegates.swift; sourceTree = "<group>"; };
		2490B358225F86DD0050319A /* Classification.swift */ = {isa = PBXFileReference; fileEncoding = 4; lastKnownFileType = sourcecode.swift; path = Classification.swift; sourceTree = "<group>"; };
		2490B359225F86DD0050319A /* ActivityIndicatorExtension.swift */ = {isa = PBXFileReference; fileEncoding = 4; lastKnownFileType = sourcecode.swift; path = ActivityIndicatorExtension.swift; sourceTree = "<group>"; };
		2490B35A225F86DD0050319A /* UIImageOrientation+CGImagePropertyOrientation.swift */ = {isa = PBXFileReference; fileEncoding = 4; lastKnownFileType = sourcecode.swift; path = "UIImageOrientation+CGImagePropertyOrientation.swift"; sourceTree = "<group>"; };
		2490B362225F86E00050319A /* AnimalClassifier.mlmodel */ = {isa = PBXFileReference; lastKnownFileType = file.mlmodel; path = AnimalClassifier.mlmodel; sourceTree = "<group>"; };
		2490B363225F86E00050319A /* Assets.xcassets */ = {isa = PBXFileReference; lastKnownFileType = folder.assetcatalog; path = Assets.xcassets; sourceTree = "<group>"; };
		2490B368225F87A70050319A /* Base */ = {isa = PBXFileReference; lastKnownFileType = file.storyboard; name = Base; path = Base.lproj/LaunchScreen.storyboard; sourceTree = "<group>"; };
/* End PBXFileReference section */

/* Begin PBXFrameworksBuildPhase section */
		2490B337225F86140050319A /* Frameworks */ = {
			isa = PBXFrameworksBuildPhase;
			buildActionMask = 2147483647;
			files = (
			);
			runOnlyForDeploymentPostprocessing = 0;
		};
/* End PBXFrameworksBuildPhase section */

/* Begin PBXGroup section */
		2490B331225F86140050319A = {
			isa = PBXGroup;
			children = (
				2490B33C225F86140050319A /* CoreMLAndVisionObjectClassifierLightweightVersion */,
				2490B33B225F86140050319A /* Products */,
			);
			sourceTree = "<group>";
		};
		2490B33B225F86140050319A /* Products */ = {
			isa = PBXGroup;
			children = (
				2490B33A225F86140050319A /* CoreMLAndVisionObjectClassifierLightweightVersion.app */,
			);
			name = Products;
			sourceTree = "<group>";
		};
		2490B33C225F86140050319A /* CoreMLAndVisionObjectClassifierLightweightVersion */ = {
			isa = PBXGroup;
			children = (
				2490B34F225F86A20050319A /* Controller */,
				2490B351225F86D70050319A /* View */,
				2490B354225F86DD0050319A /* Extensions */,
				2490B366225F87A70050319A /* Interface Builder */,
				2490B361225F86E00050319A /* Resources */,
				2490B350225F86B20050319A /* Supporting Files */,
			);
			path = CoreMLAndVisionObjectClassifierLightweightVersion;
			sourceTree = "<group>";
		};
		2490B34F225F86A20050319A /* Controller */ = {
			isa = PBXGroup;
			children = (
				2490B33F225F86140050319A /* MainVC.swift */,
				2490B33D225F86140050319A /* AppDelegate.swift */,
			);
			path = Controller;
			sourceTree = "<group>";
		};
		2490B350225F86B20050319A /* Supporting Files */ = {
			isa = PBXGroup;
			children = (
				2490B349225F86150050319A /* Info.plist */,
			);
			path = "Supporting Files";
			sourceTree = "<group>";
		};
		2490B351225F86D70050319A /* View */ = {
			isa = PBXGroup;
			children = (
				2490B352225F86D70050319A /* ScaledHeightImageView.swift */,
			);
			path = View;
			sourceTree = "<group>";
		};
		2490B354225F86DD0050319A /* Extensions */ = {
			isa = PBXGroup;
			children = (
				2490B355225F86DD0050319A /* AutoLayoutAnchorExtension.swift */,
				2490B356225F86DD0050319A /* PopUppAnimationButtonExt.swift */,
				2490B357225F86DD0050319A /* MainVCDelegates.swift */,
				2490B358225F86DD0050319A /* Classification.swift */,
				2490B359225F86DD0050319A /* ActivityIndicatorExtension.swift */,
				2490B35A225F86DD0050319A /* UIImageOrientation+CGImagePropertyOrientation.swift */,
			);
			path = Extensions;
			sourceTree = "<group>";
		};
		2490B361225F86E00050319A /* Resources */ = {
			isa = PBXGroup;
			children = (
				2490B362225F86E00050319A /* AnimalClassifier.mlmodel */,
				2490B363225F86E00050319A /* Assets.xcassets */,
			);
			path = Resources;
			sourceTree = "<group>";
		};
		2490B366225F87A70050319A /* Interface Builder */ = {
			isa = PBXGroup;
			children = (
				2490B367225F87A70050319A /* LaunchScreen.storyboard */,
			);
			path = "Interface Builder";
			sourceTree = "<group>";
		};
/* End PBXGroup section */

/* Begin PBXNativeTarget section */
		2490B339225F86140050319A /* CoreMLAndVisionObjectClassifierLightweightVersion */ = {
			isa = PBXNativeTarget;
			buildConfigurationList = 2490B34C225F86150050319A /* Build configuration list for PBXNativeTarget "CoreMLAndVisionObjectClassifierLightweightVersion" */;
			buildPhases = (
				2490B336225F86140050319A /* Sources */,
				2490B337225F86140050319A /* Frameworks */,
				2490B338225F86140050319A /* Resources */,
			);
			buildRules = (
			);
			dependencies = (
			);
			name = CoreMLAndVisionObjectClassifierLightweightVersion;
			productName = CoreMLAndVisionObjectClassifierLightweightVersion;
			productReference = 2490B33A225F86140050319A /* CoreMLAndVisionObjectClassifierLightweightVersion.app */;
			productType = "com.apple.product-type.application";
		};
/* End PBXNativeTarget section */

/* Begin PBXProject section */
		2490B332225F86140050319A /* Project object */ = {
			isa = PBXProject;
			attributes = {
				LastSwiftUpdateCheck = 1020;
				LastUpgradeCheck = 1020;
				ORGANIZATIONNAME = "Ilija Mihajlovic";
				TargetAttributes = {
					2490B339225F86140050319A = {
						CreatedOnToolsVersion = 10.2;
					};
				};
			};
			buildConfigurationList = 2490B335225F86140050319A /* Build configuration list for PBXProject "CoreMLAndVisionObjectClassifierLightweightVersion" */;
			compatibilityVersion = "Xcode 9.3";
			developmentRegion = en;
			hasScannedForEncodings = 0;
			knownRegions = (
				en,
				Base,
			);
			mainGroup = 2490B331225F86140050319A;
			productRefGroup = 2490B33B225F86140050319A /* Products */;
			projectDirPath = "";
			projectRoot = "";
			targets = (
				2490B339225F86140050319A /* CoreMLAndVisionObjectClassifierLightweightVersion */,
			);
		};
/* End PBXProject section */

/* Begin PBXResourcesBuildPhase section */
		2490B338225F86140050319A /* Resources */ = {
			isa = PBXResourcesBuildPhase;
			buildActionMask = 2147483647;
			files = (
				2490B365225F86E00050319A /* Assets.xcassets in Resources */,
				2490B369225F87A70050319A /* LaunchScreen.storyboard in Resources */,
			);
			runOnlyForDeploymentPostprocessing = 0;
		};
/* End PBXResourcesBuildPhase section */

/* Begin PBXSourcesBuildPhase section */
		2490B336225F86140050319A /* Sources */ = {
			isa = PBXSourcesBuildPhase;
			buildActionMask = 2147483647;
			files = (
				2490B360225F86DD0050319A /* UIImageOrientation+CGImagePropertyOrientation.swift in Sources */,
				2490B35D225F86DD0050319A /* MainVCDelegates.swift in Sources */,
				2490B35C225F86DD0050319A /* PopUppAnimationButtonExt.swift in Sources */,
				2490B364225F86E00050319A /* AnimalClassifier.mlmodel in Sources */,
				2490B35E225F86DD0050319A /* Classification.swift in Sources */,
				2490B340225F86140050319A /* MainVC.swift in Sources */,
				2490B35F225F86DD0050319A /* ActivityIndicatorExtension.swift in Sources */,
				2490B35B225F86DD0050319A /* AutoLayoutAnchorExtension.swift in Sources */,
				2490B353225F86D70050319A /* ScaledHeightImageView.swift in Sources */,
				2490B33E225F86140050319A /* AppDelegate.swift in Sources */,
			);
			runOnlyForDeploymentPostprocessing = 0;
		};
/* End PBXSourcesBuildPhase section */

/* Begin PBXVariantGroup section */
		2490B367225F87A70050319A /* LaunchScreen.storyboard */ = {
			isa = PBXVariantGroup;
			children = (
				2490B368225F87A70050319A /* Base */,
			);
			name = LaunchScreen.storyboard;
			sourceTree = "<group>";
		};
/* End PBXVariantGroup section */

/* Begin XCBuildConfiguration section */
		2490B34A225F86150050319A /* Debug */ = {
			isa = XCBuildConfiguration;
			buildSettings = {
				ALWAYS_SEARCH_USER_PATHS = NO;
				CLANG_ANALYZER_NONNULL = YES;
				CLANG_ANALYZER_NUMBER_OBJECT_CONVERSION = YES_AGGRESSIVE;
				CLANG_CXX_LANGUAGE_STANDARD = "gnu++14";
				CLANG_CXX_LIBRARY = "libc++";
				CLANG_ENABLE_MODULES = YES;
				CLANG_ENABLE_OBJC_ARC = YES;
				CLANG_ENABLE_OBJC_WEAK = YES;
				CLANG_WARN_BLOCK_CAPTURE_AUTORELEASING = YES;
				CLANG_WARN_BOOL_CONVERSION = YES;
				CLANG_WARN_COMMA = YES;
				CLANG_WARN_CONSTANT_CONVERSION = YES;
				CLANG_WARN_DEPRECATED_OBJC_IMPLEMENTATIONS = YES;
				CLANG_WARN_DIRECT_OBJC_ISA_USAGE = YES_ERROR;
				CLANG_WARN_DOCUMENTATION_COMMENTS = YES;
				CLANG_WARN_EMPTY_BODY = YES;
				CLANG_WARN_ENUM_CONVERSION = YES;
				CLANG_WARN_INFINITE_RECURSION = YES;
				CLANG_WARN_INT_CONVERSION = YES;
				CLANG_WARN_NON_LITERAL_NULL_CONVERSION = YES;
				CLANG_WARN_OBJC_IMPLICIT_RETAIN_SELF = YES;
				CLANG_WARN_OBJC_LITERAL_CONVERSION = YES;
				CLANG_WARN_OBJC_ROOT_CLASS = YES_ERROR;
				CLANG_WARN_RANGE_LOOP_ANALYSIS = YES;
				CLANG_WARN_STRICT_PROTOTYPES = YES;
				CLANG_WARN_SUSPICIOUS_MOVE = YES;
				CLANG_WARN_UNGUARDED_AVAILABILITY = YES_AGGRESSIVE;
				CLANG_WARN_UNREACHABLE_CODE = YES;
				CLANG_WARN__DUPLICATE_METHOD_MATCH = YES;
				CODE_SIGN_IDENTITY = "iPhone Developer";
				COPY_PHASE_STRIP = NO;
				DEBUG_INFORMATION_FORMAT = dwarf;
				ENABLE_STRICT_OBJC_MSGSEND = YES;
				ENABLE_TESTABILITY = YES;
				GCC_C_LANGUAGE_STANDARD = gnu11;
				GCC_DYNAMIC_NO_PIC = NO;
				GCC_NO_COMMON_BLOCKS = YES;
				GCC_OPTIMIZATION_LEVEL = 0;
				GCC_PREPROCESSOR_DEFINITIONS = (
					"DEBUG=1",
					"$(inherited)",
				);
				GCC_WARN_64_TO_32_BIT_CONVERSION = YES;
				GCC_WARN_ABOUT_RETURN_TYPE = YES_ERROR;
				GCC_WARN_UNDECLARED_SELECTOR = YES;
				GCC_WARN_UNINITIALIZED_AUTOS = YES_AGGRESSIVE;
				GCC_WARN_UNUSED_FUNCTION = YES;
				GCC_WARN_UNUSED_VARIABLE = YES;
				IPHONEOS_DEPLOYMENT_TARGET = 12.2;
				MTL_ENABLE_DEBUG_INFO = INCLUDE_SOURCE;
				MTL_FAST_MATH = YES;
				ONLY_ACTIVE_ARCH = YES;
				SDKROOT = iphoneos;
				SWIFT_ACTIVE_COMPILATION_CONDITIONS = DEBUG;
				SWIFT_OPTIMIZATION_LEVEL = "-Onone";
			};
			name = Debug;
		};
		2490B34B225F86150050319A /* Release */ = {
			isa = XCBuildConfiguration;
			buildSettings = {
				ALWAYS_SEARCH_USER_PATHS = NO;
				CLANG_ANALYZER_NONNULL = YES;
				CLANG_ANALYZER_NUMBER_OBJECT_CONVERSION = YES_AGGRESSIVE;
				CLANG_CXX_LANGUAGE_STANDARD = "gnu++14";
				CLANG_CXX_LIBRARY = "libc++";
				CLANG_ENABLE_MODULES = YES;
				CLANG_ENABLE_OBJC_ARC = YES;
				CLANG_ENABLE_OBJC_WEAK = YES;
				CLANG_WARN_BLOCK_CAPTURE_AUTORELEASING = YES;
				CLANG_WARN_BOOL_CONVERSION = YES;
				CLANG_WARN_COMMA = YES;
				CLANG_WARN_CONSTANT_CONVERSION = YES;
				CLANG_WARN_DEPRECATED_OBJC_IMPLEMENTATIONS = YES;
				CLANG_WARN_DIRECT_OBJC_ISA_USAGE = YES_ERROR;
				CLANG_WARN_DOCUMENTATION_COMMENTS = YES;
				CLANG_WARN_EMPTY_BODY = YES;
				CLANG_WARN_ENUM_CONVERSION = YES;
				CLANG_WARN_INFINITE_RECURSION = YES;
				CLANG_WARN_INT_CONVERSION = YES;
				CLANG_WARN_NON_LITERAL_NULL_CONVERSION = YES;
				CLANG_WARN_OBJC_IMPLICIT_RETAIN_SELF = YES;
				CLANG_WARN_OBJC_LITERAL_CONVERSION = YES;
				CLANG_WARN_OBJC_ROOT_CLASS = YES_ERROR;
				CLANG_WARN_RANGE_LOOP_ANALYSIS = YES;
				CLANG_WARN_STRICT_PROTOTYPES = YES;
				CLANG_WARN_SUSPICIOUS_MOVE = YES;
				CLANG_WARN_UNGUARDED_AVAILABILITY = YES_AGGRESSIVE;
				CLANG_WARN_UNREACHABLE_CODE = YES;
				CLANG_WARN__DUPLICATE_METHOD_MATCH = YES;
				CODE_SIGN_IDENTITY = "iPhone Developer";
				COPY_PHASE_STRIP = NO;
				DEBUG_INFORMATION_FORMAT = "dwarf-with-dsym";
				ENABLE_NS_ASSERTIONS = NO;
				ENABLE_STRICT_OBJC_MSGSEND = YES;
				GCC_C_LANGUAGE_STANDARD = gnu11;
				GCC_NO_COMMON_BLOCKS = YES;
				GCC_WARN_64_TO_32_BIT_CONVERSION = YES;
				GCC_WARN_ABOUT_RETURN_TYPE = YES_ERROR;
				GCC_WARN_UNDECLARED_SELECTOR = YES;
				GCC_WARN_UNINITIALIZED_AUTOS = YES_AGGRESSIVE;
				GCC_WARN_UNUSED_FUNCTION = YES;
				GCC_WARN_UNUSED_VARIABLE = YES;
				IPHONEOS_DEPLOYMENT_TARGET = 12.2;
				MTL_ENABLE_DEBUG_INFO = NO;
				MTL_FAST_MATH = YES;
				SDKROOT = iphoneos;
				SWIFT_COMPILATION_MODE = wholemodule;
				SWIFT_OPTIMIZATION_LEVEL = "-O";
				VALIDATE_PRODUCT = YES;
			};
			name = Release;
		};
		2490B34D225F86150050319A /* Debug */ = {
			isa = XCBuildConfiguration;
			buildSettings = {
				ASSETCATALOG_COMPILER_APPICON_NAME = AppIcon;
				CODE_SIGN_STYLE = Automatic;
				DEVELOPMENT_TEAM = SUTP3K4588;
				INFOPLIST_FILE = "$(SRCROOT)/CoreMLAndVisionObjectClassifierLightweightVersion/Supporting Files/Info.plist";
				LD_RUNPATH_SEARCH_PATHS = (
					"$(inherited)",
					"@executable_path/Frameworks",
				);
				PRODUCT_BUNDLE_IDENTIFIER = com.MafiaCaffe.CoreMLAndVisionObjectClassifierLightweightVersion;
				PRODUCT_NAME = "$(TARGET_NAME)";
				SWIFT_VERSION = 5.0;
				TARGETED_DEVICE_FAMILY = "1,2";
			};
			name = Debug;
		};
		2490B34E225F86150050319A /* Release */ = {
			isa = XCBuildConfiguration;
			buildSettings = {
				ASSETCATALOG_COMPILER_APPICON_NAME = AppIcon;
				CODE_SIGN_STYLE = Automatic;
				DEVELOPMENT_TEAM = SUTP3K4588;
				INFOPLIST_FILE = "$(SRCROOT)/CoreMLAndVisionObjectClassifierLightweightVersion/Supporting Files/Info.plist";
				LD_RUNPATH_SEARCH_PATHS = (
					"$(inherited)",
					"@executable_path/Frameworks",
				);
				PRODUCT_BUNDLE_IDENTIFIER = com.MafiaCaffe.CoreMLAndVisionObjectClassifierLightweightVersion;
				PRODUCT_NAME = "$(TARGET_NAME)";
				SWIFT_VERSION = 5.0;
				TARGETED_DEVICE_FAMILY = "1,2";
			};
			name = Release;
		};
/* End XCBuildConfiguration section */

/* Begin XCConfigurationList section */
		2490B335225F86140050319A /* Build configuration list for PBXProject "CoreMLAndVisionObjectClassifierLightweightVersion" */ = {
			isa = XCConfigurationList;
			buildConfigurations = (
				2490B34A225F86150050319A /* Debug */,
				2490B34B225F86150050319A /* Release */,
			);
			defaultConfigurationIsVisible = 0;
			defaultConfigurationName = Release;
		};
		2490B34C225F86150050319A /* Build configuration list for PBXNativeTarget "CoreMLAndVisionObjectClassifierLightweightVersion" */ = {
			isa = XCConfigurationList;
			buildConfigurations = (
				2490B34D225F86150050319A /* Debug */,
				2490B34E225F86150050319A /* Release */,
			);
			defaultConfigurationIsVisible = 0;
			defaultConfigurationName = Release;
		};
/* End XCConfigurationList section */
	};
	rootObject = 2490B332225F86140050319A /* Project object */;
}
