// !$*UTF8*$!
{
	archiveVersion = 1;
	classes = {
	};
	objectVersion = 50;
	objects = {

/* Begin PBXBuildFile section */
		24321F992258C0E400B2B22B /* AppDelegate.swift in Sources */ = {isa = PBXBuildFile; fileRef = 24321F982258C0E400B2B22B /* AppDelegate.swift */; };
		24321F9B2258C0E400B2B22B /* MainVC.swift in Sources */ = {isa = PBXBuildFile; fileRef = 24321F9A2258C0E400B2B22B /* MainVC.swift */; };
		24321FA02258C0E600B2B22B /* Assets.xcassets in Resources */ = {isa = PBXBuildFile; fileRef = 24321F9F2258C0E600B2B22B /* Assets.xcassets */; };
		24321FA32258C0E600B2B22B /* LaunchScreen.storyboard in Resources */ = {isa = PBXBuildFile; fileRef = 24321FA12258C0E600B2B22B /* LaunchScreen.storyboard */; };
		24321FAB2258C36300B2B22B /* ScaledHeightImageView.swift in Sources */ = {isa = PBXBuildFile; fileRef = 24321FAA2258C36300B2B22B /* ScaledHeightImageView.swift */; };
		24321FAE2258C4EC00B2B22B /* AutoLayoutAnchorExtension.swift in Sources */ = {isa = PBXBuildFile; fileRef = 24321FAD2258C4EC00B2B22B /* AutoLayoutAnchorExtension.swift */; };
		24321FB52258CD0600B2B22B /* UIImageOrientation+CGImagePropertyOrientation.swift in Sources */ = {isa = PBXBuildFile; fileRef = 24321FB42258CD0600B2B22B /* UIImageOrientation+CGImagePropertyOrientation.swift */; };
		24321FB82258F23200B2B22B /* MainVCDelegates.swift in Sources */ = {isa = PBXBuildFile; fileRef = 24321FB72258F23200B2B22B /* MainVCDelegates.swift */; };
		24618157225B3D8900452F3E /* ActivityIndicatorExtension.swift in Sources */ = {isa = PBXBuildFile; fileRef = 24618156225B3D8900452F3E /* ActivityIndicatorExtension.swift */; };
		249AC3DE225C97BA00A392A9 /* PopUppAnimationButtonExt.swift in Sources */ = {isa = PBXBuildFile; fileRef = 249AC3DD225C97BA00A392A9 /* PopUppAnimationButtonExt.swift */; };
		249AC3E1225C9BD700A392A9 /* Classification.swift in Sources */ = {isa = PBXBuildFile; fileRef = 249AC3E0225C9BD700A392A9 /* Classification.swift */; };
		249CF6CE225CD47D0001A47F /* AnimalClassifier.mlmodel in Sources */ = {isa = PBXBuildFile; fileRef = 249CF6CD225CD47D0001A47F /* AnimalClassifier.mlmodel */; };
/* End PBXBuildFile section */

/* Begin PBXFileReference section */
		24321F952258C0E400B2B22B /* CoreMLAndVisonObjectDetectinLite.app */ = {isa = PBXFileReference; explicitFileType = wrapper.application; includeInIndex = 0; path = CoreMLAndVisonObjectDetectinLite.app; sourceTree = BUILT_PRODUCTS_DIR; };
		24321F982258C0E400B2B22B /* AppDelegate.swift */ = {isa = PBXFileReference; lastKnownFileType = sourcecode.swift; path = AppDelegate.swift; sourceTree = "<group>"; };
		24321F9A2258C0E400B2B22B /* MainVC.swift */ = {isa = PBXFileReference; lastKnownFileType = sourcecode.swift; path = MainVC.swift; sourceTree = "<group>"; };
		24321F9F2258C0E600B2B22B /* Assets.xcassets */ = {isa = PBXFileReference; lastKnownFileType = folder.assetcatalog; path = Assets.xcassets; sourceTree = "<group>"; };
		24321FA22258C0E600B2B22B /* Base */ = {isa = PBXFileReference; lastKnownFileType = file.storyboard; name = Base; path = Base.lproj/LaunchScreen.storyboard; sourceTree = "<group>"; };
		24321FA42258C0E600B2B22B /* Info.plist */ = {isa = PBXFileReference; lastKnownFileType = text.plist.xml; path = Info.plist; sourceTree = "<group>"; };
		24321FAA2258C36300B2B22B /* ScaledHeightImageView.swift */ = {isa = PBXFileReference; lastKnownFileType = sourcecode.swift; path = ScaledHeightImageView.swift; sourceTree = "<group>"; };
		24321FAD2258C4EC00B2B22B /* AutoLayoutAnchorExtension.swift */ = {isa = PBXFileReference; lastKnownFileType = sourcecode.swift; path = AutoLayoutAnchorExtension.swift; sourceTree = "<group>"; };
		24321FB42258CD0600B2B22B /* UIImageOrientation+CGImagePropertyOrientation.swift */ = {isa = PBXFileReference; lastKnownFileType = sourcecode.swift; path = "UIImageOrientation+CGImagePropertyOrientation.swift"; sourceTree = "<group>"; };
		24321FB72258F23200B2B22B /* MainVCDelegates.swift */ = {isa = PBXFileReference; lastKnownFileType = sourcecode.swift; path = MainVCDelegates.swift; sourceTree = "<group>"; };
		24618156225B3D8900452F3E /* ActivityIndicatorExtension.swift */ = {isa = PBXFileReference; lastKnownFileType = sourcecode.swift; path = ActivityIndicatorExtension.swift; sourceTree = "<group>"; };
		249AC3DD225C97BA00A392A9 /* PopUppAnimationButtonExt.swift */ = {isa = PBXFileReference; lastKnownFileType = sourcecode.swift; path = PopUppAnimationButtonExt.swift; sourceTree = "<group>"; };
		249AC3E0225C9BD700A392A9 /* Classification.swift */ = {isa = PBXFileReference; lastKnownFileType = sourcecode.swift; path = Classification.swift; sourceTree = "<group>"; };
		249CF6CD225CD47D0001A47F /* AnimalClassifier.mlmodel */ = {isa = PBXFileReference; lastKnownFileType = file.mlmodel; path = AnimalClassifier.mlmodel; sourceTree = "<group>"; };
/* End PBXFileReference section */

/* Begin PBXFrameworksBuildPhase section */
		24321F922258C0E400B2B22B /* Frameworks */ = {
			isa = PBXFrameworksBuildPhase;
			buildActionMask = 2147483647;
			files = (
			);
			runOnlyForDeploymentPostprocessing = 0;
		};
/* End PBXFrameworksBuildPhase section */

/* Begin PBXGroup section */
		24321F8C2258C0E400B2B22B = {
			isa = PBXGroup;
			children = (
				24321F972258C0E400B2B22B /* CoreMLAndVisonObjectDetectinLite */,
				24321F962258C0E400B2B22B /* Products */,
			);
			sourceTree = "<group>";
		};
		24321F962258C0E400B2B22B /* Products */ = {
			isa = PBXGroup;
			children = (
				24321F952258C0E400B2B22B /* CoreMLAndVisonObjectDetectinLite.app */,
			);
			name = Products;
			sourceTree = "<group>";
		};
		24321F972258C0E400B2B22B /* CoreMLAndVisonObjectDetectinLite */ = {
			isa = PBXGroup;
			children = (
				24321FAF2258C4F400B2B22B /* Controller */,
				24321FB02258C4FC00B2B22B /* View */,
				24321FAC2258C4D000B2B22B /* Extensions */,
				249576CC2259EA7D006A24BE /* Interface Builder */,
				24321FB12258CA7500B2B22B /* Resources */,
				249576CD2259EA8F006A24BE /* Supporting Files */,
			);
			path = CoreMLAndVisonObjectDetectinLite;
			sourceTree = "<group>";
		};
		24321FAC2258C4D000B2B22B /* Extensions */ = {
			isa = PBXGroup;
			children = (
				249AC3E0225C9BD700A392A9 /* Classification.swift */,
				24618156225B3D8900452F3E /* ActivityIndicatorExtension.swift */,
				24321FB72258F23200B2B22B /* MainVCDelegates.swift */,
				24321FAD2258C4EC00B2B22B /* AutoLayoutAnchorExtension.swift */,
				24321FB42258CD0600B2B22B /* UIImageOrientation+CGImagePropertyOrientation.swift */,
				249AC3DD225C97BA00A392A9 /* PopUppAnimationButtonExt.swift */,
			);
			path = Extensions;
			sourceTree = "<group>";
		};
		24321FAF2258C4F400B2B22B /* Controller */ = {
			isa = PBXGroup;
			children = (
				24321F982258C0E400B2B22B /* AppDelegate.swift */,
				24321F9A2258C0E400B2B22B /* MainVC.swift */,
			);
			path = Controller;
			sourceTree = "<group>";
		};
		24321FB02258C4FC00B2B22B /* View */ = {
			isa = PBXGroup;
			children = (
				24321FAA2258C36300B2B22B /* ScaledHeightImageView.swift */,
			);
			path = View;
			sourceTree = "<group>";
		};
		24321FB12258CA7500B2B22B /* Resources */ = {
			isa = PBXGroup;
			children = (
				249CF6CD225CD47D0001A47F /* AnimalClassifier.mlmodel */,
				24321F9F2258C0E600B2B22B /* Assets.xcassets */,
			);
			path = Resources;
			sourceTree = "<group>";
		};
		249576CC2259EA7D006A24BE /* Interface Builder */ = {
			isa = PBXGroup;
			children = (
				24321FA12258C0E600B2B22B /* LaunchScreen.storyboard */,
			);
			path = "Interface Builder";
			sourceTree = "<group>";
		};
		249576CD2259EA8F006A24BE /* Supporting Files */ = {
			isa = PBXGroup;
			children = (
				24321FA42258C0E600B2B22B /* Info.plist */,
			);
			path = "Supporting Files";
			sourceTree = "<group>";
		};
/* End PBXGroup section */

/* Begin PBXNativeTarget section */
		24321F942258C0E400B2B22B /* CoreMLAndVisonObjectDetectinLite */ = {
			isa = PBXNativeTarget;
			buildConfigurationList = 24321FA72258C0E600B2B22B /* Build configuration list for PBXNativeTarget "CoreMLAndVisonObjectDetectinLite" */;
			buildPhases = (
				24321F912258C0E400B2B22B /* Sources */,
				24321F922258C0E400B2B22B /* Frameworks */,
				24321F932258C0E400B2B22B /* Resources */,
			);
			buildRules = (
			);
			dependencies = (
			);
			name = CoreMLAndVisonObjectDetectinLite;
			productName = CoreMLAndVisonObjectDetectinLite;
			productReference = 24321F952258C0E400B2B22B /* CoreMLAndVisonObjectDetectinLite.app */;
			productType = "com.apple.product-type.application";
		};
/* End PBXNativeTarget section */

/* Begin PBXProject section */
		24321F8D2258C0E400B2B22B /* Project object */ = {
			isa = PBXProject;
			attributes = {
				LastSwiftUpdateCheck = 1020;
				LastUpgradeCheck = 1020;
				ORGANIZATIONNAME = "Ilija Mihajlovic";
				TargetAttributes = {
					24321F942258C0E400B2B22B = {
						CreatedOnToolsVersion = 10.2;
					};
				};
			};
			buildConfigurationList = 24321F902258C0E400B2B22B /* Build configuration list for PBXProject "CoreMLAndVisonObjectDetectionLightweightVersion" */;
			compatibilityVersion = "Xcode 9.3";
			developmentRegion = en;
			hasScannedForEncodings = 0;
			knownRegions = (
				en,
				Base,
			);
			mainGroup = 24321F8C2258C0E400B2B22B;
			productRefGroup = 24321F962258C0E400B2B22B /* Products */;
			projectDirPath = "";
			projectRoot = "";
			targets = (
				24321F942258C0E400B2B22B /* CoreMLAndVisonObjectDetectinLite */,
			);
		};
/* End PBXProject section */

/* Begin PBXResourcesBuildPhase section */
		24321F932258C0E400B2B22B /* Resources */ = {
			isa = PBXResourcesBuildPhase;
			buildActionMask = 2147483647;
			files = (
				24321FA32258C0E600B2B22B /* LaunchScreen.storyboard in Resources */,
				24321FA02258C0E600B2B22B /* Assets.xcassets in Resources */,
			);
			runOnlyForDeploymentPostprocessing = 0;
		};
/* End PBXResourcesBuildPhase section */

/* Begin PBXSourcesBuildPhase section */
		24321F912258C0E400B2B22B /* Sources */ = {
			isa = PBXSourcesBuildPhase;
			buildActionMask = 2147483647;
			files = (
				24321F9B2258C0E400B2B22B /* MainVC.swift in Sources */,
				24321FB52258CD0600B2B22B /* UIImageOrientation+CGImagePropertyOrientation.swift in Sources */,
				24321FB82258F23200B2B22B /* MainVCDelegates.swift in Sources */,
				249CF6CE225CD47D0001A47F /* AnimalClassifier.mlmodel in Sources */,
				24321FAB2258C36300B2B22B /* ScaledHeightImageView.swift in Sources */,
				24321F992258C0E400B2B22B /* AppDelegate.swift in Sources */,
				249AC3DE225C97BA00A392A9 /* PopUppAnimationButtonExt.swift in Sources */,
				24618157225B3D8900452F3E /* ActivityIndicatorExtension.swift in Sources */,
				24321FAE2258C4EC00B2B22B /* AutoLayoutAnchorExtension.swift in Sources */,
				249AC3E1225C9BD700A392A9 /* Classification.swift in Sources */,
			);
			runOnlyForDeploymentPostprocessing = 0;
		};
/* End PBXSourcesBuildPhase section */

/* Begin PBXVariantGroup section */
		24321FA12258C0E600B2B22B /* LaunchScreen.storyboard */ = {
			isa = PBXVariantGroup;
			children = (
				24321FA22258C0E600B2B22B /* Base */,
			);
			name = LaunchScreen.storyboard;
			sourceTree = "<group>";
		};
/* End PBXVariantGroup section */

/* Begin XCBuildConfiguration section */
		24321FA52258C0E600B2B22B /* Debug */ = {
			isa = XCBuildConfiguration;
			buildSettings = {
				ALWAYS_SEARCH_USER_PATHS = NO;
				CLANG_ANALYZER_NONNULL = YES;
				CLANG_ANALYZER_NUMBER_OBJECT_CONVERSION = YES_AGGRESSIVE;
				CLANG_CXX_LANGUAGE_STANDARD = "gnu++14";
				CLANG_CXX_LIBRARY = "libc++";
				CLANG_ENABLE_MODULES = YES;
				CLANG_ENABLE_OBJC_ARC = YES;
				CLANG_ENABLE_OBJC_WEAK = YES;
				CLANG_WARN_BLOCK_CAPTURE_AUTORELEASING = YES;
				CLANG_WARN_BOOL_CONVERSION = YES;
				CLANG_WARN_COMMA = YES;
				CLANG_WARN_CONSTANT_CONVERSION = YES;
				CLANG_WARN_DEPRECATED_OBJC_IMPLEMENTATIONS = YES;
				CLANG_WARN_DIRECT_OBJC_ISA_USAGE = YES_ERROR;
				CLANG_WARN_DOCUMENTATION_COMMENTS = YES;
				CLANG_WARN_EMPTY_BODY = YES;
				CLANG_WARN_ENUM_CONVERSION = YES;
				CLANG_WARN_INFINITE_RECURSION = YES;
				CLANG_WARN_INT_CONVERSION = YES;
				CLANG_WARN_NON_LITERAL_NULL_CONVERSION = YES;
				CLANG_WARN_OBJC_IMPLICIT_RETAIN_SELF = YES;
				CLANG_WARN_OBJC_LITERAL_CONVERSION = YES;
				CLANG_WARN_OBJC_ROOT_CLASS = YES_ERROR;
				CLANG_WARN_RANGE_LOOP_ANALYSIS = YES;
				CLANG_WARN_STRICT_PROTOTYPES = YES;
				CLANG_WARN_SUSPICIOUS_MOVE = YES;
				CLANG_WARN_UNGUARDED_AVAILABILITY = YES_AGGRESSIVE;
				CLANG_WARN_UNREACHABLE_CODE = YES;
				CLANG_WARN__DUPLICATE_METHOD_MATCH = YES;
				CODE_SIGN_IDENTITY = "iPhone Developer";
				COPY_PHASE_STRIP = NO;
				DEBUG_INFORMATION_FORMAT = dwarf;
				ENABLE_STRICT_OBJC_MSGSEND = YES;
				ENABLE_TESTABILITY = YES;
				GCC_C_LANGUAGE_STANDARD = gnu11;
				GCC_DYNAMIC_NO_PIC = NO;
				GCC_NO_COMMON_BLOCKS = YES;
				GCC_OPTIMIZATION_LEVEL = 0;
				GCC_PREPROCESSOR_DEFINITIONS = (
					"DEBUG=1",
					"$(inherited)",
				);
				GCC_WARN_64_TO_32_BIT_CONVERSION = YES;
				GCC_WARN_ABOUT_RETURN_TYPE = YES_ERROR;
				GCC_WARN_UNDECLARED_SELECTOR = YES;
				GCC_WARN_UNINITIALIZED_AUTOS = YES_AGGRESSIVE;
				GCC_WARN_UNUSED_FUNCTION = YES;
				GCC_WARN_UNUSED_VARIABLE = YES;
				IPHONEOS_DEPLOYMENT_TARGET = 12.2;
				MTL_ENABLE_DEBUG_INFO = INCLUDE_SOURCE;
				MTL_FAST_MATH = YES;
				ONLY_ACTIVE_ARCH = YES;
				SDKROOT = iphoneos;
				SWIFT_ACTIVE_COMPILATION_CONDITIONS = DEBUG;
				SWIFT_OPTIMIZATION_LEVEL = "-Onone";
			};
			name = Debug;
		};
		24321FA62258C0E600B2B22B /* Release */ = {
			isa = XCBuildConfiguration;
			buildSettings = {
				ALWAYS_SEARCH_USER_PATHS = NO;
				CLANG_ANALYZER_NONNULL = YES;
				CLANG_ANALYZER_NUMBER_OBJECT_CONVERSION = YES_AGGRESSIVE;
				CLANG_CXX_LANGUAGE_STANDARD = "gnu++14";
				CLANG_CXX_LIBRARY = "libc++";
				CLANG_ENABLE_MODULES = YES;
				CLANG_ENABLE_OBJC_ARC = YES;
				CLANG_ENABLE_OBJC_WEAK = YES;
				CLANG_WARN_BLOCK_CAPTURE_AUTORELEASING = YES;
				CLANG_WARN_BOOL_CONVERSION = YES;
				CLANG_WARN_COMMA = YES;
				CLANG_WARN_CONSTANT_CONVERSION = YES;
				CLANG_WARN_DEPRECATED_OBJC_IMPLEMENTATIONS = YES;
				CLANG_WARN_DIRECT_OBJC_ISA_USAGE = YES_ERROR;
				CLANG_WARN_DOCUMENTATION_COMMENTS = YES;
				CLANG_WARN_EMPTY_BODY = YES;
				CLANG_WARN_ENUM_CONVERSION = YES;
				CLANG_WARN_INFINITE_RECURSION = YES;
				CLANG_WARN_INT_CONVERSION = YES;
				CLANG_WARN_NON_LITERAL_NULL_CONVERSION = YES;
				CLANG_WARN_OBJC_IMPLICIT_RETAIN_SELF = YES;
				CLANG_WARN_OBJC_LITERAL_CONVERSION = YES;
				CLANG_WARN_OBJC_ROOT_CLASS = YES_ERROR;
				CLANG_WARN_RANGE_LOOP_ANALYSIS = YES;
				CLANG_WARN_STRICT_PROTOTYPES = YES;
				CLANG_WARN_SUSPICIOUS_MOVE = YES;
				CLANG_WARN_UNGUARDED_AVAILABILITY = YES_AGGRESSIVE;
				CLANG_WARN_UNREACHABLE_CODE = YES;
				CLANG_WARN__DUPLICATE_METHOD_MATCH = YES;
				CODE_SIGN_IDENTITY = "iPhone Developer";
				COPY_PHASE_STRIP = NO;
				DEBUG_INFORMATION_FORMAT = "dwarf-with-dsym";
				ENABLE_NS_ASSERTIONS = NO;
				ENABLE_STRICT_OBJC_MSGSEND = YES;
				GCC_C_LANGUAGE_STANDARD = gnu11;
				GCC_NO_COMMON_BLOCKS = YES;
				GCC_WARN_64_TO_32_BIT_CONVERSION = YES;
				GCC_WARN_ABOUT_RETURN_TYPE = YES_ERROR;
				GCC_WARN_UNDECLARED_SELECTOR = YES;
				GCC_WARN_UNINITIALIZED_AUTOS = YES_AGGRESSIVE;
				GCC_WARN_UNUSED_FUNCTION = YES;
				GCC_WARN_UNUSED_VARIABLE = YES;
				IPHONEOS_DEPLOYMENT_TARGET = 12.2;
				MTL_ENABLE_DEBUG_INFO = NO;
				MTL_FAST_MATH = YES;
				SDKROOT = iphoneos;
				SWIFT_COMPILATION_MODE = wholemodule;
				SWIFT_OPTIMIZATION_LEVEL = "-O";
				VALIDATE_PRODUCT = YES;
			};
			name = Release;
		};
		24321FA82258C0E600B2B22B /* Debug */ = {
			isa = XCBuildConfiguration;
			buildSettings = {
				ASSETCATALOG_COMPILER_APPICON_NAME = AppIcon;
				CODE_SIGN_STYLE = Automatic;
				DEVELOPMENT_TEAM = SUTP3K4588;
				INFOPLIST_FILE = "$(SRCROOT)/CoreMLAndVisonObjectDetectinLite/Supporting Files/Info.plist";
				LD_RUNPATH_SEARCH_PATHS = (
					"$(inherited)",
					"@executable_path/Frameworks",
				);
				PRODUCT_BUNDLE_IDENTIFIER = com.MafiaCaffe.CoreMLAndVisonObjectDetectinLite;
				PRODUCT_NAME = "$(TARGET_NAME)";
				SWIFT_VERSION = 5.0;
				TARGETED_DEVICE_FAMILY = "1,2";
			};
			name = Debug;
		};
		24321FA92258C0E600B2B22B /* Release */ = {
			isa = XCBuildConfiguration;
			buildSettings = {
				ASSETCATALOG_COMPILER_APPICON_NAME = AppIcon;
				CODE_SIGN_STYLE = Automatic;
				DEVELOPMENT_TEAM = SUTP3K4588;
				INFOPLIST_FILE = "$(SRCROOT)/CoreMLAndVisonObjectDetectinLite/Supporting Files/Info.plist";
				LD_RUNPATH_SEARCH_PATHS = (
					"$(inherited)",
					"@executable_path/Frameworks",
				);
				PRODUCT_BUNDLE_IDENTIFIER = com.MafiaCaffe.CoreMLAndVisonObjectDetectinLite;
				PRODUCT_NAME = "$(TARGET_NAME)";
				SWIFT_VERSION = 5.0;
				TARGETED_DEVICE_FAMILY = "1,2";
			};
			name = Release;
		};
/* End XCBuildConfiguration section */

/* Begin XCConfigurationList section */
		24321F902258C0E400B2B22B /* Build configuration list for PBXProject "CoreMLAndVisonObjectDetectionLightweightVersion" */ = {
			isa = XCConfigurationList;
			buildConfigurations = (
				24321FA52258C0E600B2B22B /* Debug */,
				24321FA62258C0E600B2B22B /* Release */,
			);
			defaultConfigurationIsVisible = 0;
			defaultConfigurationName = Release;
		};
		24321FA72258C0E600B2B22B /* Build configuration list for PBXNativeTarget "CoreMLAndVisonObjectDetectinLite" */ = {
			isa = XCConfigurationList;
			buildConfigurations = (
				24321FA82258C0E600B2B22B /* Debug */,
				24321FA92258C0E600B2B22B /* Release */,
			);
			defaultConfigurationIsVisible = 0;
			defaultConfigurationName = Release;
		};
/* End XCConfigurationList section */
	};
	rootObject = 24321F8D2258C0E400B2B22B /* Project object */;
}
